{
  "lockfileVersion": 1,
  "workspaces": {
    "": {
      "name": "jangjisu-fan-site-pro",
      "dependencies": {
        "@opennextjs/cloudflare": "1.20.1",
        "@vercel/analytics": "^1.5.0",
        "cheerio": "^1.0.0",
        "next": "14.2.5",
        "react": "18.3.1",
        "react-dom": "18.3.1",
      },
      "devDependencies": {
        "autoprefixer": "^10.4.20",
        "postcss": "^8.4.41",
        "tailwindcss": "^3.4.10",
        "wrangler": "4.111.0",
      },
    },
  },
  "packages": {
    "@alloc/quick-lru": ["@alloc/quick-lru@5.2.0", "", {}, "sha512-UrcABB+4bUrFABwbluTIBErXwvbsU/V7TZWfmbgJfbkwiBuziS9gxdODUyuiecfdGQ85jglMW6juS3+z5TsKLw=="],

    "@ast-grep/napi": ["@ast-grep/napi@0.40.5", "", { "optionalDependencies": { "@ast-grep/napi-darwin-arm64": "0.40.5", "@ast-grep/napi-darwin-x64": "0.40.5", "@ast-grep/napi-linux-arm64-gnu": "0.40.5", "@ast-grep/napi-linux-arm64-musl": "0.40.5", "@ast-grep/napi-linux-x64-gnu": "0.40.5", "@ast-grep/napi-linux-x64-musl": "0.40.5", "@ast-grep/napi-win32-arm64-msvc": "0.40.5", "@ast-grep/napi-win32-ia32-msvc": "0.40.5", "@ast-grep/napi-win32-x64-msvc": "0.40.5" } }, "sha512-hJA62OeBKUQT68DD2gDyhOqJxZxycqg8wLxbqjgqSzYttCMSDL9tiAQ9abgekBYNHudbJosm9sWOEbmCDfpX2A=="],

    "@ast-grep/napi-darwin-arm64": ["@ast-grep/napi-darwin-arm64@0.40.5", "", { "os": "darwin", "cpu": "arm64" }, "sha512-2F072fGN0WTq7KI3okuEnkGJVEHLbi56Bw1H6NAMf7j2mJJeQWsRyGOMcyNnUXZDeNdvoMH0OB2a5wwUegY/nQ=="],

    "@ast-grep/napi-darwin-x64": ["@ast-grep/napi-darwin-x64@0.40.5", "", { "os": "darwin", "cpu": "x64" }, "sha512-dJMidHZhhxuLBYNi6/FKI812jQ7wcFPSKkVPwviez2D+KvYagapUMAV/4dJ7FCORfguVk8Y0jpPAlYmWRT5nvA=="],

    "@ast-grep/napi-linux-arm64-gnu": ["@ast-grep/napi-linux-arm64-gnu@0.40.5", "", { "os": "linux", "cpu": "arm64" }, "sha512-nBRCbyoS87uqkaw4Oyfe5VO+SRm2B+0g0T8ME69Qry9ShMf41a2bTdpcQx9e8scZPogq+CTwDHo3THyBV71l9w=="],

    "@ast-grep/napi-linux-arm64-musl": ["@ast-grep/napi-linux-arm64-musl@0.40.5", "", { "os": "linux", "cpu": "arm64" }, "sha512-/qKsmds5FMoaEj6FdNzepbmLMtlFuBLdrAn9GIWCqOIcVcYvM1Nka8+mncfeXB/MFZKOrzQsQdPTWqrrQzXLrA=="],

    "@ast-grep/napi-linux-x64-gnu": ["@ast-grep/napi-linux-x64-gnu@0.40.5", "", { "os": "linux", "cpu": "x64" }, "sha512-DP4oDbq7f/1A2hRTFLhJfDFR6aI5mRWdEfKfHzRItmlKsR9WlcEl1qDJs/zX9R2EEtIDsSKRzuJNfJllY3/W8Q=="],

    "@ast-grep/napi-linux-x64-musl": ["@ast-grep/napi-linux-x64-musl@0.40.5", "", { "os": "linux", "cpu": "x64" }, "sha512-BRZUvVBPUNpWPo6Ns8chXVzxHPY+k9gpsubGTHy92Q26ecZULd/dTkWWdnvfhRqttsSQ9Pe/XQdi5+hDQ6RYcg=="],

    "@ast-grep/napi-win32-arm64-msvc": ["@ast-grep/napi-win32-arm64-msvc@0.40.5", "", { "os": "win32", "cpu": "arm64" }, "sha512-y95zSEwc7vhxmcrcH0GnK4ZHEBQrmrszRBNQovzaciF9GUqEcCACNLoBesn4V47IaOp4fYgD2/EhGRTIBFb2Ug=="],

    "@ast-grep/napi-win32-ia32-msvc": ["@ast-grep/napi-win32-ia32-msvc@0.40.5", "", { "os": "win32", "cpu": "ia32" }, "sha512-K/u8De62iUnFCzVUs7FBdTZ2Jrgc5/DLHqjpup66KxZ7GIM9/HGME/O8aSoPkpcAeCD4TiTZ11C1i5p5H98hTg=="],

    "@ast-grep/napi-win32-x64-msvc": ["@ast-grep/napi-win32-x64-msvc@0.40.5", "", { "os": "win32", "cpu": "x64" }, "sha512-dqm5zg/o4Nh4VOQPEpMS23ot8HVd22gG0eg01t4CFcZeuzyuSgBlOL3N7xLbz3iH2sVkk7keuBwAzOIpTqziNQ=="],

    "@aws-crypto/sha1-browser": ["@aws-crypto/sha1-browser@5.2.0", "", { "dependencies": { "@aws-crypto/supports-web-crypto": "^5.2.0", "@aws-crypto/util": "^5.2.0", "@aws-sdk/types": "^3.222.0", "@aws-sdk/util-locate-window": "^3.0.0", "@smithy/util-utf8": "^2.0.0", "tslib": "^2.6.2" } }, "sha512-OH6lveCFfcDjX4dbAvCFSYUjJZjDr/3XJ3xHtjn3Oj5b9RjojQo8npoLeA/bNwkOkrSQ0wgrHzXk4tDRxGKJeg=="],

    "@aws-crypto/sha256-browser": ["@aws-crypto/sha256-browser@5.2.0", "", { "dependencies": { "@aws-crypto/sha256-js": "^5.2.0", "@aws-crypto/supports-web-crypto": "^5.2.0", "@aws-crypto/util": "^5.2.0", "@aws-sdk/types": "^3.222.0", "@aws-sdk/util-locate-window": "^3.0.0", "@smithy/util-utf8": "^2.0.0", "tslib": "^2.6.2" } }, "sha512-AXfN/lGotSQwu6HNcEsIASo7kWXZ5HYWvfOmSNKDsEqC4OashTp8alTmaz+F7TC2L083SFv5RdB+qU3Vs1kZqw=="],

    "@aws-crypto/sha256-js": ["@aws-crypto/sha256-js@5.2.0", "", { "dependencies": { "@aws-crypto/util": "^5.2.0", "@aws-sdk/types": "^3.222.0", "tslib": "^2.6.2" } }, "sha512-FFQQyu7edu4ufvIZ+OadFpHHOt+eSTBaYaki44c+akjg7qZg9oOQeLlk77F6tSYqjDAFClrHJk9tMf0HdVyOvA=="],

    "@aws-crypto/supports-web-crypto": ["@aws-crypto/supports-web-crypto@5.2.0", "", { "dependencies": { "tslib": "^2.6.2" } }, "sha512-iAvUotm021kM33eCdNfwIN//F77/IADDSs58i+MDaOqFrVjZo9bAal0NK7HurRuWLLpF1iLX7gbWrjHjeo+YFg=="],

    "@aws-crypto/util": ["@aws-crypto/util@5.2.0", "", { "dependencies": { "@aws-sdk/types": "^3.222.0", "@smithy/util-utf8": "^2.0.0", "tslib": "^2.6.2" } }, "sha512-4RkU9EsI6ZpBve5fseQlGNUWKMa1RLPQ1dnjnQoe07ldfIzcsGb5hC5W0Dm7u423KWzawlrpbjXBrXCEv9zazQ=="],

    "@aws-sdk/checksums": ["@aws-sdk/checksums@3.1000.24", "", { "dependencies": { "@aws-sdk/core": "^3.977.4", "@aws-sdk/types": "^3.974.2", "@smithy/core": "^3.31.1", "@smithy/types": "^4.16.1", "tslib": "^2.6.2" } }, "sha512-7TWLjypP8kk3savsDBRuhZJx7mBuFFA2136BQhwwLllsAnO4Tmq/p+SXZaNxbuulkzUFz3BZzj0bb4YzexZcNQ=="],

    "@aws-sdk/client-cloudfront": ["@aws-sdk/client-cloudfront@3.984.0", "", { "dependencies": { "@aws-crypto/sha256-browser": "5.2.0", "@aws-crypto/sha256-js": "5.2.0", "@aws-sdk/core": "^3.973.6", "@aws-sdk/credential-provider-node": "^3.972.5", "@aws-sdk/middleware-host-header": "^3.972.3", "@aws-sdk/middleware-logger": "^3.972.3", "@aws-sdk/middleware-recursion-detection": "^3.972.3", "@aws-sdk/middleware-user-agent": "^3.972.6", "@aws-sdk/region-config-resolver": "^3.972.3", "@aws-sdk/types": "^3.973.1", "@aws-sdk/util-endpoints": "3.984.0", "@aws-sdk/util-user-agent-browser": "^3.972.3", "@aws-sdk/util-user-agent-node": "^3.972.4", "@smithy/config-resolver": "^4.4.6", "@smithy/core": "^3.22.0", "@smithy/fetch-http-handler": "^5.3.9", "@smithy/hash-node": "^4.2.8", "@smithy/invalid-dependency": "^4.2.8", "@smithy/middleware-content-length": "^4.2.8", "@smithy/middleware-endpoint": "^4.4.12", "@smithy/middleware-retry": "^4.4.29", "@smithy/middleware-serde": "^4.2.9", "@smithy/middleware-stack": "^4.2.8", "@smithy/node-config-provider": "^4.3.8", "@smithy/node-http-handler": "^4.4.8", "@smithy/protocol-http": "^5.3.8", "@smithy/smithy-client": "^4.11.1", "@smithy/types": "^4.12.0", "@smithy/url-parser": "^4.2.8", "@smithy/util-base64": "^4.3.0", "@smithy/util-body-length-browser": "^4.2.0", "@smithy/util-body-length-node": "^4.2.1", "@smithy/util-defaults-mode-browser": "^4.3.28", "@smithy/util-defaults-mode-node": "^4.2.31", "@smithy/util-endpoints": "^3.2.8", "@smithy/util-middleware": "^4.2.8", "@smithy/util-retry": "^4.2.8", "@smithy/util-stream": "^4.5.10", "@smithy/util-utf8": "^4.2.0", "@smithy/util-waiter": "^4.2.8", "tslib": "^2.6.2" } }, "sha512-couDuDLpJtoeWne/nYyJ+I+5ntBVdNgBVRTCoDaXuVV7OC3u/wz5Ps0+GogspEwMLEFoOJ8t691h3YXQtnpQTw=="],

    "@aws-sdk/client-dynamodb": ["@aws-sdk/client-dynamodb@3.984.0", "", { "dependencies": { "@aws-crypto/sha256-browser": "5.2.0", "@aws-crypto/sha256-js": "5.2.0", "@aws-sdk/core": "^3.973.6", "@aws-sdk/credential-provider-node": "^3.972.5", "@aws-sdk/dynamodb-codec": "^3.972.7", "@aws-sdk/middleware-endpoint-discovery": "^3.972.3", "@aws-sdk/middleware-host-header": "^3.972.3", "@aws-sdk/middleware-logger": "^3.972.3", "@aws-sdk/middleware-recursion-detection": "^3.972.3", "@aws-sdk/middleware-user-agent": "^3.972.6", "@aws-sdk/region-config-resolver": "^3.972.3", "@aws-sdk/types": "^3.973.1", "@aws-sdk/util-endpoints": "3.984.0", "@aws-sdk/util-user-agent-browser": "^3.972.3", "@aws-sdk/util-user-agent-node": "^3.972.4", "@smithy/config-resolver": "^4.4.6", "@smithy/core": "^3.22.0", "@smithy/fetch-http-handler": "^5.3.9", "@smithy/hash-node": "^4.2.8", "@smithy/invalid-dependency": "^4.2.8", "@smithy/middleware-content-length": "^4.2.8", "@smithy/middleware-endpoint": "^4.4.12", "@smithy/middleware-retry": "^4.4.29", "@smithy/middleware-serde": "^4.2.9", "@smithy/middleware-stack": "^4.2.8", "@smithy/node-config-provider": "^4.3.8", "@smithy/node-http-handler": "^4.4.8", "@smithy/protocol-http": "^5.3.8", "@smithy/smithy-client": "^4.11.1", "@smithy/types": "^4.12.0", "@smithy/url-parser": "^4.2.8", "@smithy/util-base64": "^4.3.0", "@smithy/util-body-length-browser": "^4.2.0", "@smithy/util-body-length-node": "^4.2.1", "@smithy/util-defaults-mode-browser": "^4.3.28", "@smithy/util-defaults-mode-node": "^4.2.31", "@smithy/util-endpoints": "^3.2.8", "@smithy/util-middleware": "^4.2.8", "@smithy/util-retry": "^4.2.8", "@smithy/util-utf8": "^4.2.0", "@smithy/util-waiter": "^4.2.8", "tslib": "^2.6.2" } }, "sha512-8/Oft9MWQtbG6p9f8eY5fsKC2CcO5YVDlwive8eUYS9mEbgnyQxm68OyH26WvsSTykQ9QkIbR+fOG56RsIBODw=="],

    "@aws-sdk/client-lambda": ["@aws-sdk/client-lambda@3.984.0", "", { "dependencies": { "@aws-crypto/sha256-browser": "5.2.0", "@aws-crypto/sha256-js": "5.2.0", "@aws-sdk/core": "^3.973.6", "@aws-sdk/credential-provider-node": "^3.972.5", "@aws-sdk/middleware-host-header": "^3.972.3", "@aws-sdk/middleware-logger": "^3.972.3", "@aws-sdk/middleware-recursion-detection": "^3.972.3", "@aws-sdk/middleware-user-agent": "^3.972.6", "@aws-sdk/region-config-resolver": "^3.972.3", "@aws-sdk/types": "^3.973.1", "@aws-sdk/util-endpoints": "3.984.0", "@aws-sdk/util-user-agent-browser": "^3.972.3", "@aws-sdk/util-user-agent-node": "^3.972.4", "@smithy/config-resolver": "^4.4.6", "@smithy/core": "^3.22.0", "@smithy/eventstream-serde-browser": "^4.2.8", "@smithy/eventstream-serde-config-resolver": "^4.3.8", "@smithy/eventstream-serde-node": "^4.2.8", "@smithy/fetch-http-handler": "^5.3.9", "@smithy/hash-node": "^4.2.8", "@smithy/invalid-dependency": "^4.2.8", "@smithy/middleware-content-length": "^4.2.8", "@smithy/middleware-endpoint": "^4.4.12", "@smithy/middleware-retry": "^4.4.29", "@smithy/middleware-serde": "^4.2.9", "@smithy/middleware-stack": "^4.2.8", "@smithy/node-config-provider": "^4.3.8", "@smithy/node-http-handler": "^4.4.8", "@smithy/protocol-http": "^5.3.8", "@smithy/smithy-client": "^4.11.1", "@smithy/types": "^4.12.0", "@smithy/url-parser": "^4.2.8", "@smithy/util-base64": "^4.3.0", "@smithy/util-body-length-browser": "^4.2.0", "@smithy/util-body-length-node": "^4.2.1", "@smithy/util-defaults-mode-browser": "^4.3.28", "@smithy/util-defaults-mode-node": "^4.2.31", "@smithy/util-endpoints": "^3.2.8", "@smithy/util-middleware": "^4.2.8", "@smithy/util-retry": "^4.2.8", "@smithy/util-stream": "^4.5.10", "@smithy/util-utf8": "^4.2.0", "@smithy/util-waiter": "^4.2.8", "tslib": "^2.6.2" } }, "sha512-kqwNBIGNxGVhINwgN/UQfdsQkaMjbu9PFV2EhATWouV+RT60uMjK9JENgLDwbgJmEVbbnPsh9HaZ5KKwPSdiDg=="],

    "@aws-sdk/client-s3": ["@aws-sdk/client-s3@3.984.0", "", { "dependencies": { "@aws-crypto/sha1-browser": "5.2.0", "@aws-crypto/sha256-browser": "5.2.0", "@aws-crypto/sha256-js": "5.2.0", "@aws-sdk/core": "^3.973.6", "@aws-sdk/credential-provider-node": "^3.972.5", "@aws-sdk/middleware-bucket-endpoint": "^3.972.3", "@aws-sdk/middleware-expect-continue": "^3.972.3", "@aws-sdk/middleware-flexible-checksums": "^3.972.4", "@aws-sdk/middleware-host-header": "^3.972.3", "@aws-sdk/middleware-location-constraint": "^3.972.3", "@aws-sdk/middleware-logger": "^3.972.3", "@aws-sdk/middleware-recursion-detection": "^3.972.3", "@aws-sdk/middleware-sdk-s3": "^3.972.6", "@aws-sdk/middleware-ssec": "^3.972.3", "@aws-sdk/middleware-user-agent": "^3.972.6", "@aws-sdk/region-config-resolver": "^3.972.3", "@aws-sdk/signature-v4-multi-region": "3.984.0", "@aws-sdk/types": "^3.973.1", "@aws-sdk/util-endpoints": "3.984.0", "@aws-sdk/util-user-agent-browser": "^3.972.3", "@aws-sdk/util-user-agent-node": "^3.972.4", "@smithy/config-resolver": "^4.4.6", "@smithy/core": "^3.22.0", "@smithy/eventstream-serde-browser": "^4.2.8", "@smithy/eventstream-serde-config-resolver": "^4.3.8", "@smithy/eventstream-serde-node": "^4.2.8", "@smithy/fetch-http-handler": "^5.3.9", "@smithy/hash-blob-browser": "^4.2.9", "@smithy/hash-node": "^4.2.8", "@smithy/hash-stream-node": "^4.2.8", "@smithy/invalid-dependency": "^4.2.8", "@smithy/md5-js": "^4.2.8", "@smithy/middleware-content-length": "^4.2.8", "@smithy/middleware-endpoint": "^4.4.12", "@smithy/middleware-retry": "^4.4.29", "@smithy/middleware-serde": "^4.2.9", "@smithy/middleware-stack": "^4.2.8", "@smithy/node-config-provider": "^4.3.8", "@smithy/node-http-handler": "^4.4.8", "@smithy/protocol-http": "^5.3.8", "@smithy/smithy-client": "^4.11.1", "@smithy/types": "^4.12.0", "@smithy/url-parser": "^4.2.8", "@smithy/util-base64": "^4.3.0", "@smithy/util-body-length-browser": "^4.2.0", "@smithy/util-body-length-node": "^4.2.1", "@smithy/util-defaults-mode-browser": "^4.3.28", "@smithy/util-defaults-mode-node": "^4.2.31", "@smithy/util-endpoints": "^3.2.8", "@smithy/util-middleware": "^4.2.8", "@smithy/util-retry": "^4.2.8", "@smithy/util-stream": "^4.5.10", "@smithy/util-utf8": "^4.2.0", "@smithy/util-waiter": "^4.2.8", "tslib": "^2.6.2" } }, "sha512-7ny2Slr93Y+QniuluvcfWwyDi32zWQfznynL56Tk0vVh7bWrvS/odm8WP2nInKicRVNipcJHY2YInur6Q/9V0A=="],

    "@aws-sdk/client-sqs": ["@aws-sdk/client-sqs@3.984.0", "", { "dependencies": { "@aws-crypto/sha256-browser": "5.2.0", "@aws-crypto/sha256-js": "5.2.0", "@aws-sdk/core": "^3.973.6", "@aws-sdk/credential-provider-node": "^3.972.5", "@aws-sdk/middleware-host-header": "^3.972.3", "@aws-sdk/middleware-logger": "^3.972.3", "@aws-sdk/middleware-recursion-detection": "^3.972.3", "@aws-sdk/middleware-sdk-sqs": "^3.972.5", "@aws-sdk/middleware-user-agent": "^3.972.6", "@aws-sdk/region-config-resolver": "^3.972.3", "@aws-sdk/types": "^3.973.1", "@aws-sdk/util-endpoints": "3.984.0", "@aws-sdk/util-user-agent-browser": "^3.972.3", "@aws-sdk/util-user-agent-node": "^3.972.4", "@smithy/config-resolver": "^4.4.6", "@smithy/core": "^3.22.0", "@smithy/fetch-http-handler": "^5.3.9", "@smithy/hash-node": "^4.2.8", "@smithy/invalid-dependency": "^4.2.8", "@smithy/md5-js": "^4.2.8", "@smithy/middleware-content-length": "^4.2.8", "@smithy/middleware-endpoint": "^4.4.12", "@smithy/middleware-retry": "^4.4.29", "@smithy/middleware-serde": "^4.2.9", "@smithy/middleware-stack": "^4.2.8", "@smithy/node-config-provider": "^4.3.8", "@smithy/node-http-handler": "^4.4.8", "@smithy/protocol-http": "^5.3.8", "@smithy/smithy-client": "^4.11.1", "@smithy/types": "^4.12.0", "@smithy/url-parser": "^4.2.8", "@smithy/util-base64": "^4.3.0", "@smithy/util-body-length-browser": "^4.2.0", "@smithy/util-body-length-node": "^4.2.1", "@smithy/util-defaults-mode-browser": "^4.3.28", "@smithy/util-defaults-mode-node": "^4.2.31", "@smithy/util-endpoints": "^3.2.8", "@smithy/util-middleware": "^4.2.8", "@smithy/util-retry": "^4.2.8", "@smithy/util-utf8": "^4.2.0", "tslib": "^2.6.2" } }, "sha512-TDvHpOUWlpanc3xQ5Xw0y8L2hoojBFCCSmXQ/6rKqGOf1ScX3dMA+K9aF0Zp0iwjhSh4VvsHD42esl8XwQZDjA=="],

    "@aws-sdk/core": ["@aws-sdk/core@3.977.4", "", { "dependencies": { "@aws-sdk/types": "^3.974.2", "@aws-sdk/xml-builder": "^3.972.37", "@aws/lambda-invoke-store": "^0.3.0", "@smithy/core": "^3.31.1", "@smithy/signature-v4": "^5.6.12", "@smithy/types": "^4.16.1", "bowser": "^2.11.0", "tslib": "^2.6.2" } }, "sha512-CEkcQlMOQJCvul60U7wdAOACjtdgFWDsfJI+6wUOGdhGNV2lGbuJpi/R50QLpFG3Tp+sQxa/RmzC3X7KHbhuTA=="],

    "@aws-sdk/credential-provider-env": ["@aws-sdk/credential-provider-env@3.972.65", "", { "dependencies": { "@aws-sdk/core": "^3.977.4", "@aws-sdk/types": "^3.974.2", "@smithy/core": "^3.31.1", "@smithy/types": "^4.16.1", "tslib": "^2.6.2" } }, "sha512-lJT2aRw9wCV8jPHyFJjdZLD4HTydL6/22AnCSOB8e/LqOc55nEJGLHkJQeSxhn8QiqyjFwPKQFtMw0ovjRUY/g=="],

    "@aws-sdk/credential-provider-http": ["@aws-sdk/credential-provider-http@3.972.67", "", { "dependencies": { "@aws-sdk/core": "^3.977.4", "@aws-sdk/types": "^3.974.2", "@smithy/core": "^3.31.1", "@smithy/fetch-http-handler": "^5.6.13", "@smithy/node-http-handler": "^4.9.13", "@smithy/types": "^4.16.1", "tslib": "^2.6.2" } }, "sha512-N7fw/15hSwI/CPxe5ohOyb7O4ge9f5me1gVIn8OIkBRB0squ8OJqQyDyH/HoL+Sb1W5xdC88jVC+bHkw73iu+Q=="],

    "@aws-sdk/credential-provider-ini": ["@aws-sdk/credential-provider-ini@3.973.10", "", { "dependencies": { "@aws-sdk/core": "^3.977.4", "@aws-sdk/credential-provider-env": "^3.972.65", "@aws-sdk/credential-provider-http": "^3.972.67", "@aws-sdk/credential-provider-login": "^3.972.72", "@aws-sdk/credential-provider-process": "^3.972.65", "@aws-sdk/credential-provider-sso": "^3.973.9", "@aws-sdk/credential-provider-web-identity": "^3.972.71", "@aws-sdk/nested-clients": "^3.997.39", "@aws-sdk/types": "^3.974.2", "@smithy/core": "^3.31.1", "@smithy/credential-provider-imds": "^4.4.16", "@smithy/types": "^4.16.1", "tslib": "^2.6.2" } }, "sha512-Zh9XRaPnDN9buO7GfWBubS22R6Nq5D6hbyYEMN05LiOnXugm/8WDjUx6y756bSPbdn3aJB2qG4zFW3bN82QhoQ=="],

    "@aws-sdk/credential-provider-login": ["@aws-sdk/credential-provider-login@3.972.72", "", { "dependencies": { "@aws-sdk/core": "^3.977.4", "@aws-sdk/nested-clients": "^3.997.39", "@aws-sdk/types": "^3.974.2", "@smithy/core": "^3.31.1", "@smithy/types": "^4.16.1", "tslib": "^2.6.2" } }, "sha512-zZapIKwaHp7TdTf9hbH1I3CVUdEupmt7FXO/BoTQGC+4h6NkXKWpqF2p5WyfpjurDLHCpSyh+BzMlAg8arqWLA=="],

    "@aws-sdk/credential-provider-node": ["@aws-sdk/credential-provider-node@3.972.76", "", { "dependencies": { "@aws-sdk/credential-provider-env": "^3.972.65", "@aws-sdk/credential-provider-http": "^3.972.67", "@aws-sdk/credential-provider-ini": "^3.973.10", "@aws-sdk/credential-provider-process": "^3.972.65", "@aws-sdk/credential-provider-sso": "^3.973.9", "@aws-sdk/credential-provider-web-identity": "^3.972.71", "@aws-sdk/types": "^3.974.2", "@smithy/core": "^3.31.1", "@smithy/credential-provider-imds": "^4.4.16", "@smithy/types": "^4.16.1", "tslib": "^2.6.2" } }, "sha512-1yzLmRiYSgGC25v7ZZEwJn/auhHHTIHgFOmzL2f36hf1+7jSLcX+1QrAz4760WEzPiiQl8xmlpFhHfl2OoyVzA=="],

    "@aws-sdk/credential-provider-process": ["@aws-sdk/credential-provider-process@3.972.65", "", { "dependencies": { "@aws-sdk/core": "^3.977.4", "@aws-sdk/types": "^3.974.2", "@smithy/core": "^3.31.1", "@smithy/types": "^4.16.1", "tslib": "^2.6.2" } }, "sha512-e5DbbNteOSalN58U83G6kFa4ECLEuGbGqNBHIXE7zYXA/m4GHblIGjFbSH7wYv6gBV8iNSDcRZBKfQZF5vF9nw=="],

    "@aws-sdk/credential-provider-sso": ["@aws-sdk/credential-provider-sso@3.973.9", "", { "dependencies": { "@aws-sdk/core": "^3.977.4", "@aws-sdk/nested-clients": "^3.997.39", "@aws-sdk/token-providers": "3.1100.0", "@aws-sdk/types": "^3.974.2", "@smithy/core": "^3.31.1", "@smithy/types": "^4.16.1", "tslib": "^2.6.2" } }, "sha512-0V0u4t+KBku9fbh5CPCaC5hUWwSzDafp8nCuDy817zWbp2gz80jO44rMQkiwnZ+k54B+tjAtzRy00DJRGTKGBg=="],

    "@aws-sdk/credential-provider-web-identity": ["@aws-sdk/credential-provider-web-identity@3.972.71", "", { "dependencies": { "@aws-sdk/core": "^3.977.4", "@aws-sdk/nested-clients": "^3.997.39", "@aws-sdk/types": "^3.974.2", "@smithy/core": "^3.31.1", "@smithy/types": "^4.16.1", "tslib": "^2.6.2" } }, "sha512-e4dwiRltGAaQ+2yxw57Hj0l/BF3BHiG14+QpYE7bGYBlpAq/fkIri2BDhjWon8c0mhhtd2txQBAkQb9BcTStFg=="],

    "@aws-sdk/dynamodb-codec": ["@aws-sdk/dynamodb-codec@3.973.39", "", { "dependencies": { "@aws-sdk/core": "^3.977.4", "@smithy/core": "^3.31.1", "@smithy/types": "^4.16.1", "tslib": "^2.6.2" } }, "sha512-6n1ER8qEvfruOfVFHVYrAtfSOk0ELudJDWyUMMb+M+tiP4rWSU44zd9ilQcM2/ESlRPyzxc2h7dU3R+UT+sVEg=="],

    "@aws-sdk/endpoint-cache": ["@aws-sdk/endpoint-cache@3.972.9", "", { "dependencies": { "mnemonist": "0.38.3", "tslib": "^2.6.2" } }, "sha512-LFvdgq8SriaskUcjpBMDE7J2c9RmuT5v3gU36/znV71EU5DKUis4FmGFjCMelKCCViFeVrQADBAlIiOYRhEx6Q=="],

    "@aws-sdk/middleware-bucket-endpoint": ["@aws-sdk/middleware-bucket-endpoint@3.972.43", "", { "dependencies": { "@aws-sdk/middleware-sdk-s3": "^3.972.70", "tslib": "^2.6.2" } }, "sha512-mIYnQ8dk2/YvR5XRefqyq+r0YkzPVdan7JFcH1sPwfM7+nOfbNax05vd4xbz1vgmt/SSXDwKHl+I/AFe7J45wg=="],

    "@aws-sdk/middleware-endpoint-discovery": ["@aws-sdk/middleware-endpoint-discovery@3.972.27", "", { "dependencies": { "@aws-sdk/endpoint-cache": "^3.972.9", "@aws-sdk/types": "^3.9…22564 tokens truncated…512-EPD5q1uXyFxJpCrLnCc1nHnq3gOa6DZBocAIiI2TaSCA7VCJ1UJDMagCzIkXNsUYfD1daK//LTEQ8xiIbrHtcw=="],

    "vary": ["vary@1.1.2", "", {}, "sha512-BNGbWLfd0eUPabhkXUVm0j8uuvREyTh5ovRa/dyow/BqAbZJyC+5fU+IzQOzmAKzYqYRAISoRhdQr3eIZ/PXqg=="],

    "web-streams-polyfill": ["web-streams-polyfill@4.0.0-beta.3", "", {}, "sha512-QW95TCTaHmsYfHDybGMwO5IJIM93I/6vTRk+daHTWFPhwh+C8Cg7j7XyKrwrj8Ib6vYXe0ocYNrmzY4xAAN6ug=="],

    "webidl-conversions": ["webidl-conversions@3.0.1", "", {}, "sha512-2JAn3z8AR6rjK8Sm8orRC0h/bcl/DqL7tRPdGZ4I1CjdF+EaMLmYxBHyXuKL849eucPFhvBoxMsflfOb8kxaeQ=="],

    "whatwg-encoding": ["whatwg-encoding@3.1.1", "", { "dependencies": { "iconv-lite": "0.6.3" } }, "sha512-6qN4hJdMwfYBtE3YBTTHhoeuUrDBPZmbQaxWAqSALV/MeEnR5z1xd8UKud2RAkFoPkmB+hli1TZSnyi84xz1vQ=="],

    "whatwg-mimetype": ["whatwg-mimetype@4.0.0", "", {}, "sha512-QaKxh0eNIi2mE9p2vEdzfagOKHCcj1pJ56EEHGQOVxp8r9/iszLUUV7v89x9O1p/T+NlTM5W7jW6+cz4Fq1YVg=="],

    "whatwg-url": ["whatwg-url@5.0.0", "", { "dependencies": { "tr46": "~0.0.3", "webidl-conversions": "^3.0.0" } }, "sha512-saE57nupxk6v3HY35+jzBwYa0rKSy0XR8JSxZPwgLr7ys0IBzhGviA1/TUGJLmSVqs8pb9AnvICXEuOHLprYTw=="],

    "which": ["which@4.0.0", "", { "dependencies": { "isexe": "^3.1.1" }, "bin": { "node-which": "bin/which.js" } }, "sha512-GlaYyEb07DPxYCKhKzplCWBJtvxZcZMrL+4UkrTSJHHPyZU4mYYTv3qaOe77H7EODLSSopAUFAc6W8U4yqvscg=="],

    "workerd": ["workerd@1.20260710.1", "", { "optionalDependencies": { "@cloudflare/workerd-darwin-64": "1.20260710.1", "@cloudflare/workerd-darwin-arm64": "1.20260710.1", "@cloudflare/workerd-linux-64": "1.20260710.1", "@cloudflare/workerd-linux-arm64": "1.20260710.1", "@cloudflare/workerd-windows-64": "1.20260710.1" }, "bin": { "workerd": "bin/workerd" } }, "sha512-U2sBPPrb9U97sBKnnMN6Kv8p65903P35nwMkPE9vSH/bRuRqkZ3a1EjUw3jV28RhiyXpkLF77Evzw8XimFxyTw=="],

    "wrangler": ["wrangler@4.111.0", "", { "dependencies": { "@cloudflare/kv-asset-handler": "0.5.0", "@cloudflare/unenv-preset": "2.16.1", "blake3-wasm": "2.1.5", "esbuild": "0.28.1", "miniflare": "4.20260710.0", "path-to-regexp": "6.3.0", "unenv": "2.0.0-rc.24", "workerd": "1.20260710.1" }, "optionalDependencies": { "fsevents": "2.3.3" }, "peerDependencies": { "@cloudflare/workers-types": "^5.20260710.1" }, "optionalPeers": ["@cloudflare/workers-types"], "bin": { "wrangler": "bin/wrangler.js", "wrangler2": "bin/wrangler.js", "cf-wrangler": "bin/cf-wrangler.js" } }, "sha512-bffpI9EyrnpKkF/1S+RaIv8oRD93GtbsA7TlfWwOsGJGB7VO3jVbdGzpC9TU7Bqom3z7jUxcte4Z9MPhaQ4HoQ=="],

    "wrap-ansi": ["wrap-ansi@9.0.2", "", { "dependencies": { "ansi-styles": "^6.2.1", "string-width": "^7.0.0", "strip-ansi": "^7.1.0" } }, "sha512-42AtmgqjV+X1VpdOfyTGOYRi0/zsoLqtXQckTmqTeybT+BDIbM/Guxo7x3pE2vtpr1ok6xRqM9OpBe+Jyoqyww=="],

    "wrappy": ["wrappy@1.0.2", "", {}, "sha512-l4Sp/DRseor9wL6EvV2+TuQn63dMkPjZ/sp9XkghTEbV9KlPS1xUsZ3u7/IQO4wxtcFB4bgpQPRcR3QCvezPcQ=="],

    "ws": ["ws@8.21.0", "", { "peerDependencies": { "bufferutil": "^4.0.1", "utf-8-validate": ">=5.0.2" }, "optionalPeers": ["bufferutil", "utf-8-validate"] }, "sha512-Vsp28b7DRcimFQvrqu2Wek3z1iYxDCWqHYB8Qsnk/S4RfaCQzPGPyBNuVjJV3cd6UiKtUtp6sNM77gWvzcCH+g=="],

    "y18n": ["y18n@5.0.8", "", {}, "sha512-0pfFzegeDWJHJIAmTLRP2DwHjdF5s7jo9tuztdQxAhINCdvS+3nGINqPd00AphqJR/0LhANUS6/+7SCb98YOfA=="],

    "yaml": ["yaml@2.9.0", "", { "bin": { "yaml": "bin.mjs" } }, "sha512-2AvhNX3mb8zd6Zy7INTtSpl1F15HW6Wnqj0srWlkKLcpYl/gMIMJiyuGq2KeI2YFxUPjdlB+3Lc10seMLtL4cA=="],

    "yargs": ["yargs@18.1.0", "", { "dependencies": { "cliui": "^9.0.1", "escalade": "^3.1.1", "get-caller-file": "^2.0.5", "string-width": "^8.2.1", "y18n": "^5.0.5", "yargs-parser": "^22.0.0" } }, "sha512-2rAgRKu54VsHkqI0/tYkmluGXHD4KW7yZoycuqDQ15QOTnc2VVfy0nN/1eMhnQLO00A+dwtK20xuCnc1YGeUyg=="],

    "yargs-parser": ["yargs-parser@22.0.0", "", {}, "sha512-rwu/ClNdSMpkSrUb+d6BRsSkLUq1fmfsY6TOpYzTwvwkg1/NRG85KBy3kq++A8LKQwX6lsu+aWad+2khvuXrqw=="],

    "youch": ["youch@4.1.0-beta.10", "", { "dependencies": { "@poppinss/colors": "^4.1.5", "@poppinss/dumper": "^0.6.4", "@speed-highlight/core": "^1.2.7", "cookie": "^1.0.2", "youch-core": "^0.3.3" } }, "sha512-rLfVLB4FgQneDr0dv1oddCVZmKjcJ6yX6mS4pU82Mq/Dt9a3cLZQ62pDBL4AUO+uVrCvtWz3ZFUL2HFAFJ/BXQ=="],

    "youch-core": ["youch-core@0.3.3", "", { "dependencies": { "@poppinss/exception": "^1.2.2", "error-stack-parser-es": "^1.0.5" } }, "sha512-ho7XuGjLaJ2hWHoK8yFnsUGy2Y5uDpqSTq1FkHLK4/oqKtyUU1AFbOOxY4IpC9f0fTLjwYbslUz0Po5BpD1wrA=="],

    "@aws-crypto/sha1-browser/@smithy/util-utf8": ["@smithy/util-utf8@2.3.0", "", { "dependencies": { "@smithy/util-buffer-from": "^2.2.0", "tslib": "^2.6.2" } }, "sha512-R8Rdn8Hy72KKcebgLiv8jQcQkXoLMOGGv5uI1/k0l+snqkOzQ1R0ChUBCxWMlBsFMekWjq0wRudIweFs7sKT5A=="],

    "@aws-crypto/sha256-browser/@smithy/util-utf8": ["@smithy/util-utf8@2.3.0", "", { "dependencies": { "@smithy/util-buffer-from": "^2.2.0", "tslib": "^2.6.2" } }, "sha512-R8Rdn8Hy72KKcebgLiv8jQcQkXoLMOGGv5uI1/k0l+snqkOzQ1R0ChUBCxWMlBsFMekWjq0wRudIweFs7sKT5A=="],

    "@aws-crypto/util/@smithy/util-utf8": ["@smithy/util-utf8@2.3.0", "", { "dependencies": { "@smithy/util-buffer-from": "^2.2.0", "tslib": "^2.6.2" } }, "sha512-R8Rdn8Hy72KKcebgLiv8jQcQkXoLMOGGv5uI1/k0l+snqkOzQ1R0ChUBCxWMlBsFMekWjq0wRudIweFs7sKT5A=="],

    "@aws-sdk/middleware-sdk-s3/@aws-sdk/signature-v4-multi-region": ["@aws-sdk/signature-v4-multi-region@3.996.43", "", { "dependencies": { "@aws-sdk/types": "^3.974.2", "@smithy/signature-v4": "^5.6.12", "@smithy/types": "^4.16.1", "tslib": "^2.6.2" } }, "sha512-lKekx8bLBXSv4O+cslk9Zfnw2XKSkWBs3uWL5QGhH2ZAQfNS7FE0vcSSN2vD/AhxX54ZTywWxR4STThoeOXlBA=="],

    "@aws-sdk/nested-clients/@aws-sdk/signature-v4-multi-region": ["@aws-sdk/signature-v4-multi-region@3.996.43", "", { "dependencies": { "@aws-sdk/types": "^3.974.2", "@smithy/signature-v4": "^5.6.12", "@smithy/types": "^4.16.1", "tslib": "^2.6.2" } }, "sha512-lKekx8bLBXSv4O+cslk9Zfnw2XKSkWBs3uWL5QGhH2ZAQfNS7FE0vcSSN2vD/AhxX54ZTywWxR4STThoeOXlBA=="],

    "@cspotcode/source-map-support/@jridgewell/trace-mapping": ["@jridgewell/trace-mapping@0.3.9", "", { "dependencies": { "@jridgewell/resolve-uri": "^3.0.3", "@jridgewell/sourcemap-codec": "^1.4.10" } }, "sha512-3Belt6tdc8bPgAtbcmdtNJlirVoTmEb5e2gC94PnkwEW9jI6CAHUeoG85tjWP5WquqfavoMtMwiG4P926ZKKuQ=="],

    "@dotenvx/dotenvx/commander": ["commander@11.1.0", "", {}, "sha512-yPVavfyCcRhmorC7rWlkHn15b4wDVgVmBA7kV4QVBsF7kv/9TKJAbAXVTxvTnwP8HHKjRCJDClKbciiYS7p0DQ=="],

    "@dotenvx/dotenvx/picomatch": ["picomatch@4.0.5", "", {}, "sha512-RvwwcruNjI1ncT5xRakeyS9Lf8lcItv34KD+aif+VH9kduAyfYBipGh12274xtenIPZ119/R9BdTBa8gAwSh0A=="],

    "@node-minify/core/glob": ["glob@9.3.5", "", { "dependencies": { "fs.realpath": "^1.0.0", "minimatch": "^8.0.2", "minipass": "^4.2.4", "path-scurry": "^1.6.1" } }, "sha512-e1LleDykUz2Iu+MTYdkSsuWX8lvAjAcs0Xef0lNIu0S2wOAzuTxCJtcd9S3cijlwYF18EsU3rzb8jPVobxDh9Q=="],

    "@opennextjs/aws/esbuild": ["esbuild@0.25.4", "", { "optionalDependencies": { "@esbuild/aix-ppc64": "0.25.4", "@esbuild/android-arm": "0.25.4", "@esbuild/android-arm64": "0.25.4", "@esbuild/android-x64": "0.25.4", "@esbuild/darwin-arm64": "0.25.4", "@esbuild/darwin-x64": "0.25.4", "@esbuild/freebsd-arm64": "0.25.4", "@esbuild/freebsd-x64": "0.25.4", "@esbuild/linux-arm": "0.25.4", "@esbuild/linux-arm64": "0.25.4", "@esbuild/linux-ia32": "0.25.4", "@esbuild/linux-loong64": "0.25.4", "@esbuild/linux-mips64el": "0.25.4", "@esbuild/linux-ppc64": "0.25.4", "@esbuild/linux-riscv64": "0.25.4", "@esbuild/linux-s390x": "0.25.4", "@esbuild/linux-x64": "0.25.4", "@esbuild/netbsd-arm64": "0.25.4", "@esbuild/netbsd-x64": "0.25.4", "@esbuild/openbsd-arm64": "0.25.4", "@esbuild/openbsd-x64": "0.25.4", "@esbuild/sunos-x64": "0.25.4", "@esbuild/win32-arm64": "0.25.4", "@esbuild/win32-ia32": "0.25.4", "@esbuild/win32-x64": "0.25.4" }, "bin": { "esbuild": "bin/esbuild" } }, "sha512-8pgjLUcUjcgDg+2Q4NYXnPbo/vncAY4UmyaCm0jZevERqCHZIaWwdJHkf8XQtu4AxSKCdvrUbT0XUr1IdZzI8Q=="],

    "body-parser/content-type": ["content-type@2.0.0", "", {}, "sha512-j/O/d7GcZCyNl7/hwZAb606rzqkyvaDctLmckbxLzHvFBzTJHuGEdodATcP3yIRoDrLHkIATJuvzbFlp/ki2cQ=="],

    "body-parser/iconv-lite": ["iconv-lite@0.7.3", "", { "dependencies": { "safer-buffer": ">= 2.1.2 < 3.0.0" } }, "sha512-IKXpvIzjnC9XTAUbVBcMfGS0EPaIXtW6v+zr+RRp+hqULEpo0owZax6wyRwPOJbWbzjYspQwusTsfVr0ifh4uQ=="],

    "chokidar/glob-parent": ["glob-parent@5.1.2", "", { "dependencies": { "is-glob": "^4.0.1" } }, "sha512-AOIgSQCepiJYwP3ARnGx+5VnTu2HBYdzbGP45eLw1vr3zB3vZLeyed1sC9hnbcOc9/SrMyM5RPQrkGz4aS9Zow=="],

    "cliui/string-width": ["string-width@7.2.0", "", { "dependencies": { "emoji-regex": "^10.3.0", "get-east-asian-width": "^1.0.0", "strip-ansi": "^7.1.0" } }, "sha512-tsaTIkKW9b4N+AEj+SVA+WhJzV7/zMhcSu78mLKWSk7cXMOSHsBKFWUs0fWwq8QyK3MgJBQRX6Gbi4kYbdvGkQ=="],

    "cliui/strip-ansi": ["strip-ansi@7.2.0", "", { "dependencies": { "ansi-regex": "^6.2.2" } }, "sha512-yDPMNjp4WyfYBkHnjIRLfca1i6KMyGCtsVgoKe/z1+6vukgaENdgGBZt+ZmKPc4gavvEZ5OgHfHdrazhgNyG7w=="],

    "cross-spawn/which": ["which@2.0.2", "", { "dependencies": { "isexe": "^2.0.0" }, "bin": { "node-which": "./bin/node-which" } }, "sha512-BLI3Tl1TW3Pvl70l3yq3Y64i+awpwXqsGBYWkkqMtnbXgrMD+yj7rhW0kuEDxzJaYXGjEW5ogapKNMEKNMjibA=="],

    "express/cookie": ["cookie@0.7.2", "", {}, "sha512-yki5XnKuf750l50uGTllt6kKILY4nQ1eNIQatoXEByZ5dWgnKqbnqmTrBE5B4N7lrMJKQ2ytWMiTO2o0v6Ew/w=="],

    "fast-glob/glob-parent": ["glob-parent@5.1.2", "", { "dependencies": { "is-glob": "^4.0.1" } }, "sha512-AOIgSQCepiJYwP3ARnGx+5VnTu2HBYdzbGP45eLw1vr3zB3vZLeyed1sC9hnbcOc9/SrMyM5RPQrkGz4aS9Zow=="],

    "foreground-child/signal-exit": ["signal-exit@4.1.0", "", {}, "sha512-bzyZ1e88w9O1iNJbKnOlvYTrWPDl46O1bG0D3XInv+9tkPrxrN8jUUTiFlDkkmKWgn1M6CfIA13SuGqOa9Korw=="],

    "form-data/mime-types": ["mime-types@2.1.35", "", { "dependencies": { "mime-db": "1.52.0" } }, "sha512-ZDY+bPm5zTTF+YpCrAU9nK0UgICYPT0QtT1NZWFv4s++TNkcgVaT0g6+4R2uI4MjQjzysHB1zxuWL50hzaeXiw=="],

    "htmlparser2/entities": ["entities@7.0.1", "", {}, "sha512-TWrgLOFUQTH994YUyl1yT4uyavY5nNB5muff+RtWaqNVCAK408b5ZnnbNAUEWLTCpum9w6arT70i1XdQ4UeOPA=="],

    "miniflare/undici": ["undici@7.28.0", "", {}, "sha512-cRZYrTDwWznlnRiPjggAGxZXanty6M8RV1ff8Wm4LWXBp7/IG8v5DnOm74DtUBp9OONpK75YlPnIjQqX0dBDtA=="],

    "next/postcss": ["postcss@8.4.31", "", { "dependencies": { "nanoid": "^3.3.6", "picocolors": "^1.0.0", "source-map-js": "^1.0.2" } }, "sha512-PS08Iboia9mts/2ygV3eLpY5ghnUcfLV/EXTOW1E2qYxJKGGBUtNjN76FYHnMs36RmARn41bC0AZmn+rR0OVpQ=="],

    "parse5/entities": ["entities@6.0.1", "", {}, "sha512-aN97NXWF6AWBTahfVOIrB/NShkzi5H7F9r1s9mD3cDj4Ko5f2qhhVoYMibXF7GlLveb/D2ioWay8lxI97Ven3g=="],

    "raw-body/iconv-lite": ["iconv-lite@0.7.3", "", { "dependencies": { "safer-buffer": ">= 2.1.2 < 3.0.0" } }, "sha512-IKXpvIzjnC9XTAUbVBcMfGS0EPaIXtW6v+zr+RRp+hqULEpo0owZax6wyRwPOJbWbzjYspQwusTsfVr0ifh4uQ=="],

    "router/path-to-regexp": ["path-to-regexp@8.4.2", "", {}, "sha512-qRcuIdP69NPm4qbACK+aDogI5CBDMi1jKe0ry5rSQJz8JVLsC7jV8XpiJjGRLLol3N+R5ihGYcrPLTno6pAdBA=="],

    "string-width/strip-ansi": ["strip-ansi@7.2.0", "", { "dependencies": { "ansi-regex": "^6.2.2" } }, "sha512-yDPMNjp4WyfYBkHnjIRLfca1i6KMyGCtsVgoKe/z1+6vukgaENdgGBZt+ZmKPc4gavvEZ5OgHfHdrazhgNyG7w=="],

    "terser/commander": ["commander@2.20.3", "", {}, "sha512-GpVkmM8vF2vQUkj2LvZmD35JxeJOLCwJ9cUkugyk2nuhbv3+mJvpLYYt+0+USMxE+oj+ey/lJEnhZw75x/OMcQ=="],

    "tinyglobby/picomatch": ["picomatch@4.0.5", "", {}, "sha512-RvwwcruNjI1ncT5xRakeyS9Lf8lcItv34KD+aif+VH9kduAyfYBipGh12274xtenIPZ119/R9BdTBa8gAwSh0A=="],

    "type-is/content-type": ["content-type@2.0.0", "", {}, "sha512-j/O/d7GcZCyNl7/hwZAb606rzqkyvaDctLmckbxLzHvFBzTJHuGEdodATcP3yIRoDrLHkIATJuvzbFlp/ki2cQ=="],

    "wrap-ansi/string-width": ["string-width@7.2.0", "", { "dependencies": { "emoji-regex": "^10.3.0", "get-east-asian-width": "^1.0.0", "strip-ansi": "^7.1.0" } }, "sha512-tsaTIkKW9b4N+AEj+SVA+WhJzV7/zMhcSu78mLKWSk7cXMOSHsBKFWUs0fWwq8QyK3MgJBQRX6Gbi4kYbdvGkQ=="],

    "wrap-ansi/strip-ansi": ["strip-ansi@7.2.0", "", { "dependencies": { "ansi-regex": "^6.2.2" } }, "sha512-yDPMNjp4WyfYBkHnjIRLfca1i6KMyGCtsVgoKe/z1+6vukgaENdgGBZt+ZmKPc4gavvEZ5OgHfHdrazhgNyG7w=="],

    "@node-minify/core/glob/minimatch": ["minimatch@8.0.7", "", { "dependencies": { "brace-expansion": "^2.0.1" } }, "sha512-V+1uQNdzybxa14e/p00HZnQNNcTjnRJjDxg2V8wtkjFctq4M7hXFws4oekyTP0Jebeq7QYtpFyOeBAjc88zvYg=="],

    "@node-minify/core/glob/minipass": ["minipass@4.2.8", "", {}, "sha512-fNzuVyifolSLFL4NzpF+wEF4qrgqaaKX0haXPQEdQ7NKAN+WecoKMHV09YcuL/DHxrUsYQOK3MiuDf7Ip2OXfQ=="],

    "@node-minify/core/glob/path-scurry": ["path-scurry@1.11.1", "", { "dependencies": { "lru-cache": "^10.2.0", "minipass": "^5.0.0 || ^6.0.2 || ^7.0.0" } }, "sha512-Xa4Nw17FS9ApQFJ9umLiJS4orGjm7ZzwUrwamcGQuHSzDyth9boKDaycYdDcZDuqYATXw4HFXgaqWTctW/v1HA=="],

    "@opennextjs/aws/esbuild/@esbuild/aix-ppc64": ["@esbuild/aix-ppc64@0.25.4", "", { "os": "aix", "cpu": "ppc64" }, "sha512-1VCICWypeQKhVbE9oW/sJaAmjLxhVqacdkvPLEjwlttjfwENRSClS8EjBz0KzRyFSCPDIkuXW34Je/vk7zdB7Q=="],

    "@opennextjs/aws/esbuild/@esbuild/android-arm": ["@esbuild/android-arm@0.25.4", "", { "os": "android", "cpu": "arm" }, "sha512-QNdQEps7DfFwE3hXiU4BZeOV68HHzYwGd0Nthhd3uCkkEKK7/R6MTgM0P7H7FAs5pU/DIWsviMmEGxEoxIZ+ZQ=="],

    "@opennextjs/aws/esbuild/@esbuild/android-arm64": ["@esbuild/android-arm64@0.25.4", "", { "os": "android", "cpu": "arm64" }, "sha512-bBy69pgfhMGtCnwpC/x5QhfxAz/cBgQ9enbtwjf6V9lnPI/hMyT9iWpR1arm0l3kttTr4L0KSLpKmLp/ilKS9A=="],

    "@opennextjs/aws/esbuild/@esbuild/android-x64": ["@esbuild/android-x64@0.25.4", "", { "os": "android", "cpu": "x64" }, "sha512-TVhdVtQIFuVpIIR282btcGC2oGQoSfZfmBdTip2anCaVYcqWlZXGcdcKIUklfX2wj0JklNYgz39OBqh2cqXvcQ=="],

    "@opennextjs/aws/esbuild/@esbuild/darwin-arm64": ["@esbuild/darwin-arm64@0.25.4", "", { "os": "darwin", "cpu": "arm64" }, "sha512-Y1giCfM4nlHDWEfSckMzeWNdQS31BQGs9/rouw6Ub91tkK79aIMTH3q9xHvzH8d0wDru5Ci0kWB8b3up/nl16g=="],

    "@opennextjs/aws/esbuild/@esbuild/darwin-x64": ["@esbuild/darwin-x64@0.25.4", "", { "os": "darwin", "cpu": "x64" }, "sha512-CJsry8ZGM5VFVeyUYB3cdKpd/H69PYez4eJh1W/t38vzutdjEjtP7hB6eLKBoOdxcAlCtEYHzQ/PJ/oU9I4u0A=="],

    "@opennextjs/aws/esbuild/@esbuild/freebsd-arm64": ["@esbuild/freebsd-arm64@0.25.4", "", { "os": "freebsd", "cpu": "arm64" }, "sha512-yYq+39NlTRzU2XmoPW4l5Ifpl9fqSk0nAJYM/V/WUGPEFfek1epLHJIkTQM6bBs1swApjO5nWgvr843g6TjxuQ=="],

    "@opennextjs/aws/esbuild/@esbuild/freebsd-x64": ["@esbuild/freebsd-x64@0.25.4", "", { "os": "freebsd", "cpu": "x64" }, "sha512-0FgvOJ6UUMflsHSPLzdfDnnBBVoCDtBTVyn/MrWloUNvq/5SFmh13l3dvgRPkDihRxb77Y17MbqbCAa2strMQQ=="],

    "@opennextjs/aws/esbuild/@esbuild/linux-arm": ["@esbuild/linux-arm@0.25.4", "", { "os": "linux", "cpu": "arm" }, "sha512-kro4c0P85GMfFYqW4TWOpvmF8rFShbWGnrLqlzp4X1TNWjRY3JMYUfDCtOxPKOIY8B0WC8HN51hGP4I4hz4AaQ=="],

    "@opennextjs/aws/esbuild/@esbuild/linux-arm64": ["@esbuild/linux-arm64@0.25.4", "", { "os": "linux", "cpu": "arm64" }, "sha512-+89UsQTfXdmjIvZS6nUnOOLoXnkUTB9hR5QAeLrQdzOSWZvNSAXAtcRDHWtqAUtAmv7ZM1WPOOeSxDzzzMogiQ=="],

    "@opennextjs/aws/esbuild/@esbuild/linux-ia32": ["@esbuild/linux-ia32@0.25.4", "", { "os": "linux", "cpu": "ia32" }, "sha512-yTEjoapy8UP3rv8dB0ip3AfMpRbyhSN3+hY8mo/i4QXFeDxmiYbEKp3ZRjBKcOP862Ua4b1PDfwlvbuwY7hIGQ=="],

    "@opennextjs/aws/esbuild/@esbuild/linux-loong64": ["@esbuild/linux-loong64@0.25.4", "", { "os": "linux", "cpu": "none" }, "sha512-NeqqYkrcGzFwi6CGRGNMOjWGGSYOpqwCjS9fvaUlX5s3zwOtn1qwg1s2iE2svBe4Q/YOG1q6875lcAoQK/F4VA=="],

    "@opennextjs/aws/esbuild/@esbuild/linux-mips64el": ["@esbuild/linux-mips64el@0.25.4", "", { "os": "linux", "cpu": "none" }, "sha512-IcvTlF9dtLrfL/M8WgNI/qJYBENP3ekgsHbYUIzEzq5XJzzVEV/fXY9WFPfEEXmu3ck2qJP8LG/p3Q8f7Zc2Xg=="],

    "@opennextjs/aws/esbuild/@esbuild/linux-ppc64": ["@esbuild/linux-ppc64@0.25.4", "", { "os": "linux", "cpu": "ppc64" }, "sha512-HOy0aLTJTVtoTeGZh4HSXaO6M95qu4k5lJcH4gxv56iaycfz1S8GO/5Jh6X4Y1YiI0h7cRyLi+HixMR+88swag=="],

    "@opennextjs/aws/esbuild/@esbuild/linux-riscv64": ["@esbuild/linux-riscv64@0.25.4", "", { "os": "linux", "cpu": "none" }, "sha512-i8JUDAufpz9jOzo4yIShCTcXzS07vEgWzyX3NH2G7LEFVgrLEhjwL3ajFE4fZI3I4ZgiM7JH3GQ7ReObROvSUA=="],

    "@opennextjs/aws/esbuild/@esbuild/linux-s390x": ["@esbuild/linux-s390x@0.25.4", "", { "os": "linux", "cpu": "s390x" }, "sha512-jFnu+6UbLlzIjPQpWCNh5QtrcNfMLjgIavnwPQAfoGx4q17ocOU9MsQ2QVvFxwQoWpZT8DvTLooTvmOQXkO51g=="],

    "@opennextjs/aws/esbuild/@esbuild/linux-x64": ["@esbuild/linux-x64@0.25.4", "", { "os": "linux", "cpu": "x64" }, "sha512-6e0cvXwzOnVWJHq+mskP8DNSrKBr1bULBvnFLpc1KY+d+irZSgZ02TGse5FsafKS5jg2e4pbvK6TPXaF/A6+CA=="],

    "@opennextjs/aws/esbuild/@esbuild/netbsd-arm64": ["@esbuild/netbsd-arm64@0.25.4", "", { "os": "none", "cpu": "arm64" }, "sha512-vUnkBYxZW4hL/ie91hSqaSNjulOnYXE1VSLusnvHg2u3jewJBz3YzB9+oCw8DABeVqZGg94t9tyZFoHma8gWZQ=="],

    "@opennextjs/aws/esbuild/@esbuild/netbsd-x64": ["@esbuild/netbsd-x64@0.25.4", "", { "os": "none", "cpu": "x64" }, "sha512-XAg8pIQn5CzhOB8odIcAm42QsOfa98SBeKUdo4xa8OvX8LbMZqEtgeWE9P/Wxt7MlG2QqvjGths+nq48TrUiKw=="],

    "@opennextjs/aws/esbuild/@esbuild/openbsd-arm64": ["@esbuild/openbsd-arm64@0.25.4", "", { "os": "openbsd", "cpu": "arm64" }, "sha512-Ct2WcFEANlFDtp1nVAXSNBPDxyU+j7+tId//iHXU2f/lN5AmO4zLyhDcpR5Cz1r08mVxzt3Jpyt4PmXQ1O6+7A=="],

    "@opennextjs/aws/esbuild/@esbuild/openbsd-x64": ["@esbuild/openbsd-x64@0.25.4", "", { "os": "openbsd", "cpu": "x64" }, "sha512-xAGGhyOQ9Otm1Xu8NT1ifGLnA6M3sJxZ6ixylb+vIUVzvvd6GOALpwQrYrtlPouMqd/vSbgehz6HaVk4+7Afhw=="],

    "@opennextjs/aws/esbuild/@esbuild/sunos-x64": ["@esbuild/sunos-x64@0.25.4", "", { "os": "sunos", "cpu": "x64" }, "sha512-Mw+tzy4pp6wZEK0+Lwr76pWLjrtjmJyUB23tHKqEDP74R3q95luY/bXqXZeYl4NYlvwOqoRKlInQialgCKy67Q=="],

    "@opennextjs/aws/esbuild/@esbuild/win32-arm64": ["@esbuild/win32-arm64@0.25.4", "", { "os": "win32", "cpu": "arm64" }, "sha512-AVUP428VQTSddguz9dO9ngb+E5aScyg7nOeJDrF1HPYu555gmza3bDGMPhmVXL8svDSoqPCsCPjb265yG/kLKQ=="],

    "@opennextjs/aws/esbuild/@esbuild/win32-ia32": ["@esbuild/win32-ia32@0.25.4", "", { "os": "win32", "cpu": "ia32" }, "sha512-i1sW+1i+oWvQzSgfRcxxG2k4I9n3O9NRqy8U+uugaT2Dy7kLO9Y7wI72haOahxceMX8hZAzgGou1FhndRldxRg=="],

    "@opennextjs/aws/esbuild/@esbuild/win32-x64": ["@esbuild/win32-x64@0.25.4", "", { "os": "win32", "cpu": "x64" }, "sha512-nOT2vZNw6hJ+z43oP1SPea/G/6AbN6X+bGNhNuq8NtRHy4wsMhw765IKLNmnjek7GvjWBYQ8Q5VBoYTFg9y1UQ=="],

    "cliui/strip-ansi/ansi-regex": ["ansi-regex@6.2.2", "", {}, "sha512-Bq3SmSpyFHaWjPk8If9yc6svM8c56dB5BAtW4Qbw5jHTwwXXcTLoRMkpDJp6VL0XzlWaCHTXrkFURMYmD0sLqg=="],

    "cross-spawn/which/isexe": ["isexe@2.0.0", "", {}, "sha512-RHxMLp9lnKHGHRng9QFhRCMbYAcVpn69smSGcq3f36xjgVVWThj4qqLbTLlq7Ssj8B+fIQ1EuCEGI2lKsyQeIw=="],

    "form-data/mime-types/mime-db": ["mime-db@1.52.0", "", {}, "sha512-sPU4uV7dYlvtWJxwwxHD0PuihVNiE7TyAbQ5SWxDCB9mUYvOgroQOwYQQOKPJ8CIbE+1ETVlOoK1UC2nU3gYvg=="],

    "string-width/strip-ansi/ansi-regex": ["ansi-regex@6.2.2", "", {}, "sha512-Bq3SmSpyFHaWjPk8If9yc6svM8c56dB5BAtW4Qbw5jHTwwXXcTLoRMkpDJp6VL0XzlWaCHTXrkFURMYmD0sLqg=="],

    "wrap-ansi/strip-ansi/ansi-regex": ["ansi-regex@6.2.2", "", {}, "sha512-Bq3SmSpyFHaWjPk8If9yc6svM8c56dB5BAtW4Qbw5jHTwwXXcTLoRMkpDJp6VL0XzlWaCHTXrkFURMYmD0sLqg=="],

    "@node-minify/core/glob/minimatch/brace-expansion": ["brace-expansion@2.1.4", "", { "dependencies": { "balanced-match": "^1.0.0" } }, "sha512-hGfVzPxthbf3+2yjg/RBs60cB0FhqBS/zvdV/4wn4/BmN0bNMMHPc4V/BbFieqf1TKAGGAHnY4eSjajCl0f2Xg=="],

    "@node-minify/core/glob/path-scurry/lru-cache": ["lru-cache@10.4.3", "", {}, "sha512-JNAzZcXrCt42VGLuYz0zfAzDfAvJWW6AfYlDBQyDV5DClI2m5sAmK+OIO7s59XfsRsWHp02jAJrRadPRGTt6SQ=="],

    "@node-minify/core/glob/path-scurry/minipass": ["minipass@7.1.3", "", {}, "sha512-tEBHqDnIoM/1rXME1zgka9g6Q2lcoCkxHLuc7ODJ5BxbP5d4c2Z5cGgtXAku59200Cx7diuHTOYfSBD8n6mm8A=="],

    "@node-minify/core/glob/minimatch/brace-expansion/balanced-match": ["balanced-match@1.0.2", "", {}, "sha512-3oSeUO0TMV67hN1AmbXsK4yaqU7tjiHlbxRDZOpH0KW9+CeX4bRAaX0Anxt0tx2MrpRpWwQaPwIlISEJhYU5Pw=="],
  }
}
